{
  "lockfileVersion": 1,
  "configVersion": 1,
  "workspaces": {
    "": {
      "name": "perflux",
      "devDependencies": {
        "lumiverse-spindle-types": "latest",
        "typescript": "latest",
      },
    },
  },
  "packages": {
    "lumiverse-spindle-types": ["lumiverse-spindle-types@0.5.29", "", {}, "sha512-0BtZwmr6Obedfq570o13sNe+s6GVW3pMdAqKPBimGgiaAlEj3VASdFgj91xJ0/LjSdJmwIrcpGgX9jLiMY5b/g=="],

    "typescript": ["typescript@6.0.3", "", { "bin": { "tsc": "bin/tsc", "tsserver": "bin/tsserver" } }, "sha512-y2TvuxSZPDyQakkFRPZHKFm+KKVqIisdg9/CZwm9ftvKXLP8NRWj38/ODjNbr43SsoXqNuAisEf1GdCxqWcdBw=="],
  }
}
